
Microsoft Visual Studio Solution File, Format Version 12.00
# Visual Studio Version 16
VisualStudioVersion = 16.0.31911.196
MinimumVisualStudioVersion = 10.0.40219.1
Project("{FAE04EC0-301F-11D3-BF4B-00C04F79EFBC}") = "Grade", "Grade\Grade.csproj", "{88B10CA8-502B-4A27-84A9-D9C9F89BDFE2}"
EndProject
Global
	GlobalSection(SolutionConfigurationPlatforms) = preSolution
		Debug|Any CPU = Debug|Any CPU
		Release|Any CPU = Release|Any CPU
	EndGlobalSection
	GlobalSection(ProjectConfigurationPlatforms) = postSolution
		{88B10CA8-502B-4A27-84A9-D9C9F89BDFE2}.Debug|Any CPU.ActiveCfg = Debug|Any CPU
		{88B10CA8-502B-4A27-84A9-D9C9F89BDFE2}.Debug|Any CPU.Build.0 = Debug|Any CPU
		{88B10CA8-502B-4A27-84A9-D9C9F89BDFE2}.Release|Any CPU.ActiveCfg = Release|Any CPU
		{88B10CA8-502B-4A27-84A9-D9C9F89BDFE2}.Release|Any CPU.Build.0 = Release|Any CPU
	EndGlobalSection
	GlobalSection(SolutionProperties) = preSolution
		HideSolutionNode = FALSE
	EndGlobalSection
	GlobalSection(ExtensibilityGlobals) = postSolution
		SolutionGuid = {DDC7A9DD-7964-4014-BDA8-F9CCCE3B6F01}
	EndGlobalSection
EndGlobal
